
Microsoft Visual Studio Solution File, Format Version 12.00
# Visual Studio 2012
# SharpDevelop 5.1
VisualStudioVersion = 12.0.20827.3
MinimumVisualStudioVersion = 10.0.40219.1
Project("{FAE04EC0-301F-11D3-BF4B-00C04F79EFBC}") = "ToolSelector2", "ToolSelector2.csproj", "{8BD15360-3A7C-4B38-9B51-4DB6F00D34E8}"
EndProject
Global
	GlobalSection(SolutionConfigurationPlatforms) = preSolution
		Debug|Any CPU = Debug|Any CPU
		Release|Any CPU = Release|Any CPU
	EndGlobalSection
	GlobalSection(ProjectConfigurationPlatforms) = postSolution
		{8BD15360-3A7C-4B38-9B51-4DB6F00D34E8}.Debug|Any CPU.ActiveCfg = Debug|Any CPU
		{8BD15360-3A7C-4B38-9B51-4DB6F00D34E8}.Debug|Any CPU.Build.0 = Debug|Any CPU
		{8BD15360-3A7C-4B38-9B51-4DB6F00D34E8}.Release|Any CPU.ActiveCfg = Release|Any CPU
		{8BD15360-3A7C-4B38-9B51-4DB6F00D34E8}.Release|Any CPU.Build.0 = Release|Any CPU
	EndGlobalSection
EndGlobal
